PODS:
  - Flutter (1.0.0)
  - plugin_screeb (4.0.3):
    - Flutter
    - Screeb (= 4.0.3)
  - Screeb (4.0.3)

DEPENDENCIES:
  - Flutter (from `Flutter`)
  - plugin_screeb (from `.symlinks/plugins/plugin_screeb/ios`)

SPEC REPOS:
  trunk:
    - Screeb

EXTERNAL SOURCES:
  Flutter:
    :path: Flutter
  plugin_screeb:
    :path: ".symlinks/plugins/plugin_screeb/ios"

SPEC CHECKSUMS:
  Flutter: cabc95a1d2626b1b06e7179b784ebcf0c0cde467
  plugin_screeb: a9a6e9b2f789641aa98f9f01da35554856adb1da
  Screeb: ddb9f7cca468c375406d607d949ffea34809d009

PODFILE CHECKSUM: bbd322ee5f411aa14fe452c398452145b6b1f936

COCOAPODS: 1.17.0
